{
  "nodes": {
    "flake-utils": {
      "locked": {
        "lastModified": 1659877975,
        "narHash": "sha256-zllb8aq3YO3h8B/U0/J1WBgAL8EX5yWf5pMj3G0NAmc=",
        "owner": "numtide",
        "repo": "flake-utils",
        "rev": "c0e246b9b83f637f4681389ecabcb2681b4f3af0",
        "type": "github"
      },
      "original": {
        "owner": "numtide",
        "repo": "flake-utils",
        "type": "github"
      }
    },
    "lean-stage0": {
      "inputs": {
        "flake-utils": [
          "flake-utils"
        ],
        "lean-stage0": "lean-stage0_2",
        "lean4-mode": [
          "lean4-mode"
        ],
        "nix": [
          "nix"
        ],
        "nixpkgs": [
          "nixpkgs"
        ]
      },
      "locked": {
        "lastModified": 1666786946,
        "narHash": "sha256-IVFzt5bMMYOcEIetjgW7niSVh9mIHDG/ckH4KJ/BEOQ=",
        "owner": "leanprover",
        "repo": "lean4",
        "rev": "a086d217a5f9d4c7e30bca92b8cc87795875570c",
        "type": "github"
      },
      "original": {
        "owner": "leanprover",
        "repo": "lean4",
        "type": "github"
      }
    },
    "lean-stage0_2": {
      "locked": {
        "lastModified": 0,
        "narHash": "sha256-3K/43lSW4WIHNG+HHVKCD1odS63mHuaQ4ueHyTIkcls=",
        "owner": "leanprover",
        "repo": "lean4",
        "rev": "0000000000000000000000000000000000000000",
        "type": "github"
      },
      "original": {
        "owner": "leanprover",
        "repo": "lean4",
        "type": "github"
      }
    },
    "lean4-mode": {
      "flake": false,
      "locked": {
        "lastModified": 1659020985,
        "narHash": "sha256-+dRaXB7uvN/weSZiKcfSKWhcdJVNg9Vg8k0pJkDNjpc=",
        "owner": "leanprover",
        "repo": "lean4-mode",
        "rev": "37d5c99b7b29c80ab78321edd6773200deb0bca6",
        "type": "github"
      },
      "original": {
        "owner": "leanprover",
        "repo": "lean4-mode",
        "type": "github"
      }
    },
    "lowdown-src": {
      "flake": false,
      "locked": {
        "lastModified": 1633514407,
        "narHash": "sha256-Dw32tiMjdK9t3ETl5fzGrutQTzh2rufgZV4A/BbxuD4=",
        "owner": "kristapsdz",
        "repo": "lowdown",
        "rev": "d2c2b44ff6c27b936ec27358a2653caaef8f73b8",
        "type": "github"
      },
      "original": {
        "owner": "kristapsdz",
        "repo": "lowdown",
        "type": "github"
      }
    },
    "nix": {
      "inputs": {
        "lowdown-src": "lowdown-src",
        "nixpkgs": "nixpkgs",
        "nixpkgs-regression": "nixpkgs-regression"
      },
      "locked": {
        "lastModified": 1666780979,
        "narHash": "sha256-ougF4ib+58ZZa8E9d94dpXxCiEQwLRZcEckoMcEDT1U=",
        "owner": "NixOS",
        "repo": "nix",
        "rev": "74cc24f4cfa0e1700a5b5d2415a5c43fb8b2128e",
        "type": "github"
      },
      "original": {
        "owner": "NixOS",
        "repo": "nix",
        "type": "github"
      }
    },
    "nixpkgs": {
      "locked": {
        "lastModified": 1657693803,
        "narHash": "sha256-G++2CJ9u0E7NNTAi9n5G8TdDmGJXcIjkJ3NF8cetQB8=",
        "owner": "NixOS",
        "repo": "nixpkgs",
        "rev": "365e1b3a859281cf11b94f87231adeabbdd878a2",
        "type": "github"
      },
      "original": {
        "owner": "NixOS",
        "ref": "nixos-22.05-small",
        "repo": "nixpkgs",
        "type": "github"
      }
    },
    "nixpkgs-regression": {
      "locked": {
        "lastModified": 1643052045,
        "narHash": "sha256-uGJ0VXIhWKGXxkeNnq4TvV3CIOkUJ3PAoLZ3HMzNVMw=",
        "owner": "NixOS",
        "repo": "nixpkgs",
        "rev": "215d4d0fd80ca5163643b03a33fde804a29cc1e2",
        "type": "github"
      },
      "original": {
        "owner": "NixOS",
        "repo": "nixpkgs",
        "rev": "215d4d0fd80ca5163643b03a33fde804a29cc1e2",
        "type": "github"
      }
    },
    "nixpkgs_2": {
      "locked": {
        "lastModified": 1666753130,
        "narHash": "sha256-Wff1dGPFSneXJLI2c0kkdWTgxnQ416KE6X4KnFkgPYQ=",
        "owner": "NixOS",
        "repo": "nixpkgs",
        "rev": "f540aeda6f677354f1e7144ab04352f61aaa0118",
        "type": "github"
      },
      "original": {
        "owner": "NixOS",
        "ref": "nixpkgs-unstable",
        "repo": "nixpkgs",
        "type": "github"
      }
    },
    "root": {
      "inputs": {
        "flake-utils": "flake-utils",
        "lean-stage0": "lean-stage0",
        "lean4-mode": "lean4-mode",
        "nix": "nix",
        "nixpkgs": "nixpkgs_2"
      }
    }
  },
  "root": "root",
  "version": 7
}
